
Microsoft Visual Studio Solution File, Format Version 12.00
# Visual Studio Version 17
VisualStudioVersion = 17.5.33209.295
MinimumVisualStudioVersion = 10.0.40219.1
Project("{FAE04EC0-301F-11D3-BF4B-00C04F79EFBC}") = "Package Re-Sign", "Package Re-Sign.csproj", "{9944E939-DD5F-40BB-B96E-3B744C6D42E2}"
EndProject
Global
	GlobalSection(SolutionConfigurationPlatforms) = preSolution
		Debug|Any CPU = Debug|Any CPU
		Release (DebugOutput)|Any CPU = Release (DebugOutput)|Any CPU
		Release|Any CPU = Release|Any CPU
	EndGlobalSection
	GlobalSection(ProjectConfigurationPlatforms) = postSolution
		{9944E939-DD5F-40BB-B96E-3B744C6D42E2}.Debug|Any CPU.ActiveCfg = Debug|Any CPU
		{9944E939-DD5F-40BB-B96E-3B744C6D42E2}.Debug|Any CPU.Build.0 = Debug|Any CPU
		{9944E939-DD5F-40BB-B96E-3B744C6D42E2}.Release (DebugOutput)|Any CPU.ActiveCfg = Release (DebugOutput)|Any CPU
		{9944E939-DD5F-40BB-B96E-3B744C6D42E2}.Release (DebugOutput)|Any CPU.Build.0 = Release (DebugOutput)|Any CPU
		{9944E939-DD5F-40BB-B96E-3B744C6D42E2}.Release|Any CPU.ActiveCfg = Release|Any CPU
		{9944E939-DD5F-40BB-B96E-3B744C6D42E2}.Release|Any CPU.Build.0 = Release|Any CPU
	EndGlobalSection
	GlobalSection(SolutionProperties) = preSolution
		HideSolutionNode = FALSE
	EndGlobalSection
	GlobalSection(ExtensibilityGlobals) = postSolution
		SolutionGuid = {E2DFBB1E-26F6-437E-A21F-412C969D3990}
	EndGlobalSection
EndGlobal
